
Microsoft Visual Studio Solution File, Format Version 12.00
# Visual Studio Version 16
VisualStudioVersion = 16.0.31112.23
MinimumVisualStudioVersion = 10.0.40219.1
Project("{9A19103F-16F7-4668-BE54-9A1E7A4F7556}") = "IteratorProject", "IteratorProject.csproj", "{B04BDE7F-F043-41EA-BCDB-B1598C0F4F57}"
EndProject
Global
	GlobalSection(SolutionConfigurationPlatforms) = preSolution
		Debug|Any CPU = Debug|Any CPU
		Release|Any CPU = Release|Any CPU
	EndGlobalSection
	GlobalSection(ProjectConfigurationPlatforms) = postSolution
		{B04BDE7F-F043-41EA-BCDB-B1598C0F4F57}.Debug|Any CPU.ActiveCfg = Debug|Any CPU
		{B04BDE7F-F043-41EA-BCDB-B1598C0F4F57}.Debug|Any CPU.Build.0 = Debug|Any CPU
		{B04BDE7F-F043-41EA-BCDB-B1598C0F4F57}.Release|Any CPU.ActiveCfg = Release|Any CPU
		{B04BDE7F-F043-41EA-BCDB-B1598C0F4F57}.Release|Any CPU.Build.0 = Release|Any CPU
	EndGlobalSection
	GlobalSection(SolutionProperties) = preSolution
		HideSolutionNode = FALSE
	EndGlobalSection
	GlobalSection(ExtensibilityGlobals) = postSolution
		SolutionGuid = {7635C21F-21CD-4E96-98C2-5FECB566D6F5}
	EndGlobalSection
EndGlobal
